
Microsoft Visual Studio Solution File, Format Version 12.00
# Visual Studio Version 16
VisualStudioVersion = 16.0.810.13
MinimumVisualStudioVersion = 10.0.40219.1
Project("{FAE04EC0-301F-11D3-BF4B-00C04F79EFBC}") = "MacTest1", "MacTest1\MacTest1.csproj", "{31722968-2508-45E2-8711-25AAD5FF0F6C}"
EndProject
Global
	GlobalSection(SolutionConfigurationPlatforms) = preSolution
		Debug|Any CPU = Debug|Any CPU
		Release|Any CPU = Release|Any CPU
	EndGlobalSection
	GlobalSection(ProjectConfigurationPlatforms) = postSolution
		{31722968-2508-45E2-8711-25AAD5FF0F6C}.Debug|Any CPU.ActiveCfg = Debug|Any CPU
		{31722968-2508-45E2-8711-25AAD5FF0F6C}.Debug|Any CPU.Build.0 = Debug|Any CPU
		{31722968-2508-45E2-8711-25AAD5FF0F6C}.Release|Any CPU.ActiveCfg = Release|Any CPU
		{31722968-2508-45E2-8711-25AAD5FF0F6C}.Release|Any CPU.Build.0 = Release|Any CPU
	EndGlobalSection
	GlobalSection(SolutionProperties) = preSolution
		HideSolutionNode = FALSE
	EndGlobalSection
	GlobalSection(ExtensibilityGlobals) = postSolution
		SolutionGuid = {3497F26A-BF05-41AE-84EC-DA8066BFA298}
	EndGlobalSection
EndGlobal
